
Microsoft Visual Studio Solution File, Format Version 12.00
# Visual Studio Version 17
VisualStudioVersion = 17.2.32519.379
MinimumVisualStudioVersion = 10.0.40219.1
Project("{FAE04EC0-301F-11D3-BF4B-00C04F79EFBC}") = "csharp-cappef", "csharp-cappef\csharp-cappef.csproj", "{C79CD1F1-BA03-42AD-8E4C-A0474B4BBB7E}"
EndProject
Global
	GlobalSection(SolutionConfigurationPlatforms) = preSolution
		Debug|Any CPU = Debug|Any CPU
		Release|Any CPU = Release|Any CPU
	EndGlobalSection
	GlobalSection(ProjectConfigurationPlatforms) = postSolution
		{C79CD1F1-BA03-42AD-8E4C-A0474B4BBB7E}.Debug|Any CPU.ActiveCfg = Debug|Any CPU
		{C79CD1F1-BA03-42AD-8E4C-A0474B4BBB7E}.Debug|Any CPU.Build.0 = Debug|Any CPU
		{C79CD1F1-BA03-42AD-8E4C-A0474B4BBB7E}.Release|Any CPU.ActiveCfg = Release|Any CPU
		{C79CD1F1-BA03-42AD-8E4C-A0474B4BBB7E}.Release|Any CPU.Build.0 = Release|Any CPU
	EndGlobalSection
	GlobalSection(SolutionProperties) = preSolution
		HideSolutionNode = FALSE
	EndGlobalSection
	GlobalSection(ExtensibilityGlobals) = postSolution
		SolutionGuid = {770CACC7-D8A4-453B-8706-2FBEB9AE0AC0}
	EndGlobalSection
EndGlobal
